github.com/brianreumere/data-brokers v0.0.0-20231107214640-9b2e9c6e8929 h1:XQ+/c/pNRvv7pbT6Em6h7ix7cv8KqpYPpu6f6b61Dds=
github.com/brianreumere/data-brokers v0.0.0-20231107214640-9b2e9c6e8929/go.mod h1:0qtytIgk7DrytoPvXhv6NAu0oGL321q4DE5Y3s/4UoE=
github.com/brianreumere/data-brokers v0.0.0-20231108024605-4fa2778c1c25 h1:8Jhe7nHh+Vjt2iiFzGAZDsQkRTF9Ydyf7Cot1AL8bw4=
github.com/brianreumere/data-brokers v0.0.0-20231108024605-4fa2778c1c25/go.mod h1:0qtytIgk7DrytoPvXhv6NAu0oGL321q4DE5Y3s/4UoE=
github.com/brianreumere/data-brokers v0.0.0-20231112234317-b85c66c19ed5 h1:R/OfbdrIvocq3RN8rgE9UHxZ+hIV4PciGm2vn11SwfE=
github.com/brianreumere/data-brokers v0.0.0-20231112234317-b85c66c19ed5/go.mod h1:0qtytIgk7DrytoPvXhv6NAu0oGL321q4DE5Y3s/4UoE=
github.com/brianreumere/data-brokers v0.0.0-20231113015653-c7d8a131de3d h1:WUCC+bEjOfeu/NpIBF1BF4537BWpuTHYZCenFl/uWd4=
github.com/brianreumere/data-brokers v0.0.0-20231113015653-c7d8a131de3d/go.mod h1:0qtytIgk7DrytoPvXhv6NAu0oGL321q4DE5Y3s/4UoE=
github.com/brianreumere/data-brokers v0.0.0-20231113035700-ef58118edad6 h1:Mct4B5GRGf4o7h1jBnR9JcrHXYgVPHq6cHI+Y7rwsMw=
github.com/brianreumere/data-brokers v0.0.0-20231113035700-ef58118edad6/go.mod h1:0qtytIgk7DrytoPvXhv6NAu0oGL321q4DE5Y3s/4UoE=
github.com/brianreumere/data-brokers v0.0.0-20231113042141-dfe903a359ce h1:Z9naIFNZeDNwlUCPrT/HaYTc4PqJM1TSi7UULAWOtew=
github.com/brianreumere/data-brokers v0.0.0-20231113042141-dfe903a359ce/go.mod h1:0qtytIgk7DrytoPvXhv6NAu0oGL321q4DE5Y3s/4UoE=
github.com/brianreumere/data-brokers v0.0.0-20231113043947-4c98ad6a2743 h1:1oT0k07ZQGQxMaFANsfeWUP6XbTEWa9jkQbFCZTuXEw=
github.com/brianreumere/data-brokers v0.0.0-20231113043947-4c98ad6a2743/go.mod h1:0qtytIgk7DrytoPvXhv6NAu0oGL321q4DE5Y3s/4UoE=
github.com/brianreumere/data-brokers v0.0.0-20231113044119-0f98014b1b3f h1:SxAgF6WqBxHAwfhm+UgsB8ZftLaWGHyUcx2nYsiS4nI=
github.com/brianreumere/data-brokers v0.0.0-20231113044119-0f98014b1b3f/go.mod h1:0qtytIgk7DrytoPvXhv6NAu0oGL321q4DE5Y3s/4UoE=
github.com/brianreumere/data-brokers v0.0.0-20231113053105-23de7c3245b8 h1:8LY4Y5cjtn4u5lvRR1fMZnwMdKwjOh7FyCpAcMjL2kU=
github.com/brianreumere/data-brokers v0.0.0-20231113053105-23de7c3245b8/go.mod h1:0qtytIgk7DrytoPvXhv6NAu0oGL321q4DE5Y3s/4UoE=
github.com/brianreumere/data-brokers v0.0.0-20231114033241-946472c15aa8 h1:vE1/Srf7SoyhHFIOUeuinr5rrLEj7HYGXRBdipqcV0o=
github.com/brianreumere/data-brokers v0.0.0-20231114033241-946472c15aa8/go.mod h1:0qtytIgk7DrytoPvXhv6NAu0oGL321q4DE5Y3s/4UoE=
github.com/brianreumere/data-brokers v0.0.0-20231114033438-8148b69b0109 h1:ivKvnUbTZf5dj3djWBp63Gkrt+51p0QcLFNiPxvIZ3E=
github.com/brianreumere/data-brokers v0.0.0-20231114033438-8148b69b0109/go.mod h1:0qtytIgk7DrytoPvXhv6NAu0oGL321q4DE5Y3s/4UoE=
github.com/brianreumere/data-brokers v0.0.0-20231114033542-b2d810eec46b h1:OlPKrt8MDNn7ilL58Ep337QiFLWiODI+3ekxo/clD9A=
github.com/brianreumere/data-brokers v0.0.0-20231114033542-b2d810eec46b/go.mod h1:0qtytIgk7DrytoPvXhv6NAu0oGL321q4DE5Y3s/4UoE=
github.com/brianreumere/data-brokers v0.0.0-20231114035552-00910422c468 h1:JtINXp8Qh06JRaM81Y9RAKGhfaVmvbxxOTmcW8BxVsE=
github.com/brianreumere/data-brokers v0.0.0-20231114035552-00910422c468/go.mod h1:0qtytIgk7DrytoPvXhv6NAu0oGL321q4DE5Y3s/4UoE=
github.com/brianreumere/data-brokers v0.0.0-20231114042048-59e3e98ed1e5 h1:976GCBB00MXTO6rY7H3MY2DwgX8KtGOt6N+ruSOhTj0=
github.com/brianreumere/data-brokers v0.0.0-20231114042048-59e3e98ed1e5/go.mod h1:0qtytIgk7DrytoPvXhv6NAu0oGL321q4DE5Y3s/4UoE=
github.com/brianreumere/data-brokers v0.0.0-20231114233907-6a76c590bcde h1:jJt/UTA7zC8K2f2DqQPbWHK5/518Wh/CSFKYhgtd9C0=
github.com/brianreumere/data-brokers v0.0.0-20231114233907-6a76c590bcde/go.mod h1:0qtytIgk7DrytoPvXhv6NAu0oGL321q4DE5Y3s/4UoE=
github.com/brianreumere/data-brokers v0.0.0-20231114235723-3dcf8c50dee0 h1:Uyy19LDWAEBQBctHc9Yydql54S8Z5ZEtKuQsmmef8ms=
github.com/brianreumere/data-brokers v0.0.0-20231114235723-3dcf8c50dee0/go.mod h1:0qtytIgk7DrytoPvXhv6NAu0oGL321q4DE5Y3s/4UoE=
github.com/brianreumere/data-brokers v0.0.0-20231115002448-4ce3d4b1997c h1:NzqQ0wqVGbrvkIxriqVNs6PimLY2Nmp9K4xBkukE+A0=
github.com/brianreumere/data-brokers v0.0.0-20231115002448-4ce3d4b1997c/go.mod h1:0qtytIgk7DrytoPvXhv6NAu0oGL321q4DE5Y3s/4UoE=
github.com/brianreumere/data-brokers v0.0.0-20240126044224-b5ed2b0d4e0f h1:vg2K7+1zybPjcl1UWZBRtE0wzkuX5Zxa+igjt4aCT/U=
github.com/brianreumere/data-brokers v0.0.0-20240126044224-b5ed2b0d4e0f/go.mod h1:0qtytIgk7DrytoPvXhv6NAu0oGL321q4DE5Y3s/4UoE=
github.com/brianreumere/data-brokers v0.0.0-20240217160920-ace98a15e2c3 h1:IJkvddiWQOoCRUkAFFEmhOSQAwpPB2wNe6Vzuw8rr+s=
github.com/brianreumere/data-brokers v0.0.0-20240217160920-ace98a15e2c3/go.mod h1:0qtytIgk7DrytoPvXhv6NAu0oGL321q4DE5Y3s/4UoE=
github.com/brianreumere/plague v0.0.0-20231110165828-6d36fdeb5ef4 h1:q5xP4YNGaUmFaz4ry9rmZJnzjWa9GG1MnhArWyhIQSg=
github.com/brianreumere/plague v0.0.0-20231110165828-6d36fdeb5ef4/go.mod h1:FjXJXbBLMg28mwVEVwSF+bLtEPI8RzHb/DMZ5BCSUBc=
github.com/brianreumere/plague v0.0.0-20231112211842-f502e6419bca h1:sVaZauQayadz+VwI2V3WPtm72W9aGRQH6mQu1d+6Ido=
github.com/brianreumere/plague v0.0.0-20231112211842-f502e6419bca/go.mod h1:FjXJXbBLMg28mwVEVwSF+bLtEPI8RzHb/DMZ5BCSUBc=
github.com/brianreumere/plague v0.0.0-20231112212100-ffd4bde4f6b2 h1:KkfAdT/WmVT8/2zSG1lNsTBxYjkZugajwY0u4QiXaYM=
github.com/brianreumere/plague v0.0.0-20231112212100-ffd4bde4f6b2/go.mod h1:FjXJXbBLMg28mwVEVwSF+bLtEPI8RzHb/DMZ5BCSUBc=
github.com/brianreumere/plague v0.0.0-20231112212411-5d300f03ff80 h1:yt/O9R5Zi27MJN+AUOs7CElse9fn0OqPXkkJrndCY4s=
github.com/brianreumere/plague v0.0.0-20231112212411-5d300f03ff80/go.mod h1:FjXJXbBLMg28mwVEVwSF+bLtEPI8RzHb/DMZ5BCSUBc=
github.com/brianreumere/plague v0.2.0 h1:AbXALgpd+DLh9XoSvh4Q5lgItcvqhgkElHhIBGpsFn4=
github.com/brianreumere/plague v0.2.0/go.mod h1:FjXJXbBLMg28mwVEVwSF+bLtEPI8RzHb/DMZ5BCSUBc=
github.com/brianreumere/plague v0.2.1-0.20240125145047-110bf684ca93 h1:toyH19IERAkskHicVj6hsHah4KYwju6LWsJzjJUt2TM=
github.com/brianreumere/plague v0.2.1-0.20240125145047-110bf684ca93/go.mod h1:FjXJXbBLMg28mwVEVwSF+bLtEPI8RzHb/DMZ5BCSUBc=
github.com/brianreumere/plague v0.3.3 h1:ap7ZC1YT4DN3I8z7smNPBsruVtJcJjue/wr/mXb6PM8=
github.com/brianreumere/plague v0.3.3/go.mod h1:FjXJXbBLMg28mwVEVwSF+bLtEPI8RzHb/DMZ5BCSUBc=
github.com/brianreumere/plague v0.3.4-0.20240419144539-e89b58a3c874 h1:n3mKh+Iy2N8qmRMkdRSM+iax0cHr1h8BcrckQ+DMhnE=
github.com/brianreumere/plague v0.3.4-0.20240419144539-e89b58a3c874/go.mod h1:FjXJXbBLMg28mwVEVwSF+bLtEPI8RzHb/DMZ5BCSUBc=
github.com/brianreumere/plague v0.3.4-0.20240419151537-663dac05b5e3 h1:OHlvgXbONDHGI5xIWX/1IIAfNRX2MSZyGs1q7LxQZbA=
github.com/brianreumere/plague v0.3.4-0.20240419151537-663dac05b5e3/go.mod h1:FjXJXbBLMg28mwVEVwSF+bLtEPI8RzHb/DMZ5BCSUBc=
github.com/brianreumere/plague v0.3.4-0.20240419155045-d00dab78528b h1:FOwg0bqeNzTFmduL94CP26t9vnTfbWvOJdcoEPDBedk=
github.com/brianreumere/plague v0.3.4-0.20240419155045-d00dab78528b/go.mod h1:FjXJXbBLMg28mwVEVwSF+bLtEPI8RzHb/DMZ5BCSUBc=
github.com/brianreumere/plague v0.3.4-0.20240419160748-4739bdb60036 h1:R2ulCwyvFl4styD7cjCQM3JtoqyQYwzPd9OTHIjbIdU=
github.com/brianreumere/plague v0.3.4-0.20240419160748-4739bdb60036/go.mod h1:FjXJXbBLMg28mwVEVwSF+bLtEPI8RzHb/DMZ5BCSUBc=
github.com/brianreumere/plague v0.4.0 h1:PA6ZIrbsnx48UxO7O+A3Kchjow0V8Ezr04KDj5yF2Ek=
github.com/brianreumere/plague v0.4.0/go.mod h1:FjXJXbBLMg28mwVEVwSF+bLtEPI8RzHb/DMZ5BCSUBc=
github.com/brianreumere/plague v0.4.1-0.20241105191446-0dc8eb5b7a92 h1:kpMm9hzx6jZ0T22hO+z90DuK63A89ZfaNIbJ4RirKis=
github.com/brianreumere/plague v0.4.1-0.20241105191446-0dc8eb5b7a92/go.mod h1:FjXJXbBLMg28mwVEVwSF+bLtEPI8RzHb/DMZ5BCSUBc=
